
Microsoft Visual Studio Solution File, Format Version 12.00
# Visual Studio Version 17
VisualStudioVersion = 17.0.31903.59
MinimumVisualStudioVersion = 10.0.40219.1
Project("{FAE04EC0-301F-11D3-BF4B-00C04F79EFBC}") = "RuckSackTest", "RuckSackTest\RuckSackTest.csproj", "{217229FE-16AB-4AED-990B-CA853D241211}"
EndProject
Project("{FAE04EC0-301F-11D3-BF4B-00C04F79EFBC}") = "Domain", "Domain\Domain.csproj", "{05A089C7-31D4-4EB6-827D-00D74F969867}"
EndProject
Global
	GlobalSection(SolutionConfigurationPlatforms) = preSolution
		Debug|Any CPU = Debug|Any CPU
		Release|Any CPU = Release|Any CPU
	EndGlobalSection
	GlobalSection(SolutionProperties) = preSolution
		HideSolutionNode = FALSE
	EndGlobalSection
	GlobalSection(ProjectConfigurationPlatforms) = postSolution
		{217229FE-16AB-4AED-990B-CA853D241211}.Debug|Any CPU.ActiveCfg = Debug|Any CPU
		{217229FE-16AB-4AED-990B-CA853D241211}.Debug|Any CPU.Build.0 = Debug|Any CPU
		{217229FE-16AB-4AED-990B-CA853D241211}.Release|Any CPU.ActiveCfg = Release|Any CPU
		{217229FE-16AB-4AED-990B-CA853D241211}.Release|Any CPU.Build.0 = Release|Any CPU
		{05A089C7-31D4-4EB6-827D-00D74F969867}.Debug|Any CPU.ActiveCfg = Debug|Any CPU
		{05A089C7-31D4-4EB6-827D-00D74F969867}.Debug|Any CPU.Build.0 = Debug|Any CPU
		{05A089C7-31D4-4EB6-827D-00D74F969867}.Release|Any CPU.ActiveCfg = Release|Any CPU
		{05A089C7-31D4-4EB6-827D-00D74F969867}.Release|Any CPU.Build.0 = Release|Any CPU
	EndGlobalSection
EndGlobal
