
Microsoft Visual Studio Solution File, Format Version 12.00
# Visual Studio Version 17
VisualStudioVersion = 17.0.31903.59
MinimumVisualStudioVersion = 10.0.40219.1
Project("{FAE04EC0-301F-11D3-BF4B-00C04F79EFBC}") = "FileSystemTest", "FileSystemTest\FileSystemTest.csproj", "{DB122478-2205-4F3F-A6B2-CA6F62324379}"
EndProject
Project("{FAE04EC0-301F-11D3-BF4B-00C04F79EFBC}") = "FileSystem", "FileSystem\FileSystem.csproj", "{6284C849-F235-4F3B-8EDE-568653951301}"
EndProject
Global
	GlobalSection(SolutionConfigurationPlatforms) = preSolution
		Debug|Any CPU = Debug|Any CPU
		Release|Any CPU = Release|Any CPU
	EndGlobalSection
	GlobalSection(SolutionProperties) = preSolution
		HideSolutionNode = FALSE
	EndGlobalSection
	GlobalSection(ProjectConfigurationPlatforms) = postSolution
		{DB122478-2205-4F3F-A6B2-CA6F62324379}.Debug|Any CPU.ActiveCfg = Debug|Any CPU
		{DB122478-2205-4F3F-A6B2-CA6F62324379}.Debug|Any CPU.Build.0 = Debug|Any CPU
		{DB122478-2205-4F3F-A6B2-CA6F62324379}.Release|Any CPU.ActiveCfg = Release|Any CPU
		{DB122478-2205-4F3F-A6B2-CA6F62324379}.Release|Any CPU.Build.0 = Release|Any CPU
		{6284C849-F235-4F3B-8EDE-568653951301}.Debug|Any CPU.ActiveCfg = Debug|Any CPU
		{6284C849-F235-4F3B-8EDE-568653951301}.Debug|Any CPU.Build.0 = Debug|Any CPU
		{6284C849-F235-4F3B-8EDE-568653951301}.Release|Any CPU.ActiveCfg = Release|Any CPU
		{6284C849-F235-4F3B-8EDE-568653951301}.Release|Any CPU.Build.0 = Release|Any CPU
	EndGlobalSection
EndGlobal
